
Microsoft Visual Studio Solution File, Format Version 12.00
# Visual Studio Version 16
VisualStudioVersion = 16.0.29519.181
MinimumVisualStudioVersion = 10.0.40219.1
Project("{8BC9CEB8-8B4A-11D0-8D11-00A0C91BC942}") = "01_glfw输出调试信息", "01_glfw输出调试信息\01_glfw输出调试信息.vcxproj", "{27A9F1AB-499C-4A44-AF90-E175DA6FBCCB}"
EndProject
Project("{8BC9CEB8-8B4A-11D0-8D11-00A0C91BC942}") = "02_使用vermilion基类绘制三角形", "02_使用vermilion基类绘制三角形\02_使用vermilion基类绘制三角形.vcxproj", "{929E30C3-78D2-4672-BFEC-9244729C508E}"
EndProject
Project("{8BC9CEB8-8B4A-11D0-8D11-00A0C91BC942}") = "vermilion", "..\..\routines\bin\vermilion.vcxproj", "{7F33970C-F4AE-3A8C-AA28-4DE97FFA17B5}"
EndProject
Project("{8BC9CEB8-8B4A-11D0-8D11-00A0C91BC942}") = "03_不使用vermilion基类绘制三角形", "03_不使用vermilion基类绘制三角形\03_不使用vermilion基类绘制三角形.vcxproj", "{EE1D94DA-9C20-47A2-821D-BDB955C85593}"
EndProject
Global
	GlobalSection(SolutionConfigurationPlatforms) = preSolution
		Debug|x64 = Debug|x64
		Debug|x86 = Debug|x86
		MinSizeRel|x64 = MinSizeRel|x64
		MinSizeRel|x86 = MinSizeRel|x86
		Release|x64 = Release|x64
		Release|x86 = Release|x86
		RelWithDebInfo|x64 = RelWithDebInfo|x64
		RelWithDebInfo|x86 = RelWithDebInfo|x86
	EndGlobalSection
	GlobalSection(ProjectConfigurationPlatforms) = postSolution
		{27A9F1AB-499C-4A44-AF90-E175DA6FBCCB}.Debug|x64.ActiveCfg = Debug|x64
		{27A9F1AB-499C-4A44-AF90-E175DA6FBCCB}.Debug|x64.Build.0 = Debug|x64
		{27A9F1AB-499C-4A44-AF90-E175DA6FBCCB}.Debug|x86.ActiveCfg = Debug|Win32
		{27A9F1AB-499C-4A44-AF90-E175DA6FBCCB}.Debug|x86.Build.0 = Debug|Win32
		{27A9F1AB-499C-4A44-AF90-E175DA6FBCCB}.MinSizeRel|x64.ActiveCfg = Release|x64
		{27A9F1AB-499C-4A44-AF90-E175DA6FBCCB}.MinSizeRel|x64.Build.0 = Release|x64
		{27A9F1AB-499C-4A44-AF90-E175DA6FBCCB}.MinSizeRel|x86.ActiveCfg = Release|Win32
		{27A9F1AB-499C-4A44-AF90-E175DA6FBCCB}.MinSizeRel|x86.Build.0 = Release|Win32
		{27A9F1AB-499C-4A44-AF90-E175DA6FBCCB}.Release|x64.ActiveCfg = Release|x64
		{27A9F1AB-499C-4A44-AF90-E175DA6FBCCB}.Release|x64.Build.0 = Release|x64
		{27A9F1AB-499C-4A44-AF90-E175DA6FBCCB}.Release|x86.ActiveCfg = Release|Win32
		{27A9F1AB-499C-4A44-AF90-E175DA6FBCCB}.Release|x86.Build.0 = Release|Win32
		{27A9F1AB-499C-4A44-AF90-E175DA6FBCCB}.RelWithDebInfo|x64.ActiveCfg = Release|x64
		{27A9F1AB-499C-4A44-AF90-E175DA6FBCCB}.RelWithDebInfo|x64.Build.0 = Release|x64
		{27A9F1AB-499C-4A44-AF90-E175DA6FBCCB}.RelWithDebInfo|x86.ActiveCfg = Release|Win32
		{27A9F1AB-499C-4A44-AF90-E175DA6FBCCB}.RelWithDebInfo|x86.Build.0 = Release|Win32
		{929E30C3-78D2-4672-BFEC-9244729C508E}.Debug|x64.ActiveCfg = Debug|x64
		{929E30C3-78D2-4672-BFEC-9244729C508E}.Debug|x64.Build.0 = Debug|x64
		{929E30C3-78D2-4672-BFEC-9244729C508E}.Debug|x86.ActiveCfg = Debug|Win32
		{929E30C3-78D2-4672-BFEC-9244729C508E}.Debug|x86.Build.0 = Debug|Win32
		{929E30C3-78D2-4672-BFEC-9244729C508E}.MinSizeRel|x64.ActiveCfg = Release|x64
		{929E30C3-78D2-4672-BFEC-9244729C508E}.MinSizeRel|x64.Build.0 = Release|x64
		{929E30C3-78D2-4672-BFEC-9244729C508E}.MinSizeRel|x86.ActiveCfg = Release|Win32
		{929E30C3-78D2-4672-BFEC-9244729C508E}.MinSizeRel|x86.Build.0 = Release|Win32
		{929E30C3-78D2-4672-BFEC-9244729C508E}.Release|x64.ActiveCfg = Release|x64
		{929E30C3-78D2-4672-BFEC-9244729C508E}.Release|x64.Build.0 = Release|x64
		{929E30C3-78D2-4672-BFEC-9244729C508E}.Release|x86.ActiveCfg = Release|Win32
		{929E30C3-78D2-4672-BFEC-9244729C508E}.Release|x86.Build.0 = Release|Win32
		{929E30C3-78D2-4672-BFEC-9244729C508E}.RelWithDebInfo|x64.ActiveCfg = Release|x64
		{929E30C3-78D2-4672-BFEC-9244729C508E}.RelWithDebInfo|x64.Build.0 = Release|x64
		{929E30C3-78D2-4672-BFEC-9244729C508E}.RelWithDebInfo|x86.ActiveCfg = Release|Win32
		{929E30C3-78D2-4672-BFEC-9244729C508E}.RelWithDebInfo|x86.Build.0 = Release|Win32
		{7F33970C-F4AE-3A8C-AA28-4DE97FFA17B5}.Debug|x64.ActiveCfg = Debug|x64
		{7F33970C-F4AE-3A8C-AA28-4DE97FFA17B5}.Debug|x64.Build.0 = Debug|x64
		{7F33970C-F4AE-3A8C-AA28-4DE97FFA17B5}.Debug|x86.ActiveCfg = Debug|x64
		{7F33970C-F4AE-3A8C-AA28-4DE97FFA17B5}.MinSizeRel|x64.ActiveCfg = MinSizeRel|x64
		{7F33970C-F4AE-3A8C-AA28-4DE97FFA17B5}.MinSizeRel|x64.Build.0 = MinSizeRel|x64
		{7F33970C-F4AE-3A8C-AA28-4DE97FFA17B5}.MinSizeRel|x86.ActiveCfg = MinSizeRel|x64
		{7F33970C-F4AE-3A8C-AA28-4DE97FFA17B5}.Release|x64.ActiveCfg = Release|x64
		{7F33970C-F4AE-3A8C-AA28-4DE97FFA17B5}.Release|x64.Build.0 = Release|x64
		{7F33970C-F4AE-3A8C-AA28-4DE97FFA17B5}.Release|x86.ActiveCfg = Release|x64
		{7F33970C-F4AE-3A8C-AA28-4DE97FFA17B5}.RelWithDebInfo|x64.ActiveCfg = RelWithDebInfo|x64
		{7F33970C-F4AE-3A8C-AA28-4DE97FFA17B5}.RelWithDebInfo|x64.Build.0 = RelWithDebInfo|x64
		{7F33970C-F4AE-3A8C-AA28-4DE97FFA17B5}.RelWithDebInfo|x86.ActiveCfg = RelWithDebInfo|x64
		{EE1D94DA-9C20-47A2-821D-BDB955C85593}.Debug|x64.ActiveCfg = Debug|x64
		{EE1D94DA-9C20-47A2-821D-BDB955C85593}.Debug|x64.Build.0 = Debug|x64
		{EE1D94DA-9C20-47A2-821D-BDB955C85593}.Debug|x86.ActiveCfg = Debug|Win32
		{EE1D94DA-9C20-47A2-821D-BDB955C85593}.Debug|x86.Build.0 = Debug|Win32
		{EE1D94DA-9C20-47A2-821D-BDB955C85593}.MinSizeRel|x64.ActiveCfg = Release|x64
		{EE1D94DA-9C20-47A2-821D-BDB955C85593}.MinSizeRel|x64.Build.0 = Release|x64
		{EE1D94DA-9C20-47A2-821D-BDB955C85593}.MinSizeRel|x86.ActiveCfg = Release|Win32
		{EE1D94DA-9C20-47A2-821D-BDB955C85593}.MinSizeRel|x86.Build.0 = Release|Win32
		{EE1D94DA-9C20-47A2-821D-BDB955C85593}.Release|x64.ActiveCfg = Release|x64
		{EE1D94DA-9C20-47A2-821D-BDB955C85593}.Release|x64.Build.0 = Release|x64
		{EE1D94DA-9C20-47A2-821D-BDB955C85593}.Release|x86.ActiveCfg = Release|Win32
		{EE1D94DA-9C20-47A2-821D-BDB955C85593}.Release|x86.Build.0 = Release|Win32
		{EE1D94DA-9C20-47A2-821D-BDB955C85593}.RelWithDebInfo|x64.ActiveCfg = Release|x64
		{EE1D94DA-9C20-47A2-821D-BDB955C85593}.RelWithDebInfo|x64.Build.0 = Release|x64
		{EE1D94DA-9C20-47A2-821D-BDB955C85593}.RelWithDebInfo|x86.ActiveCfg = Release|Win32
		{EE1D94DA-9C20-47A2-821D-BDB955C85593}.RelWithDebInfo|x86.Build.0 = Release|Win32
	EndGlobalSection
	GlobalSection(SolutionProperties) = preSolution
		HideSolutionNode = FALSE
	EndGlobalSection
	GlobalSection(ExtensibilityGlobals) = postSolution
		SolutionGuid = {4FB67D3D-669C-427B-A241-941E1CBEB76A}
	EndGlobalSection
EndGlobal
