
Microsoft Visual Studio Solution File, Format Version 12.00
# Visual Studio Version 16
VisualStudioVersion = 16.0.29609.76
MinimumVisualStudioVersion = 10.0.40219.1
Project("{8BC9CEB8-8B4A-11D0-8D11-00A0C91BC942}") = "01_输出着色器日志", "01_输出着色器日志\01_输出着色器日志.vcxproj", "{19774ABF-DFB4-4FAF-BBFB-6C37CDF208B3}"
EndProject
Project("{8BC9CEB8-8B4A-11D0-8D11-00A0C91BC942}") = "02_uniform块测试", "02_uniform块测试\02_uniform块测试.vcxproj", "{3C0F9422-2078-482F-977D-D9BDFBE707C7}"
EndProject
Project("{8BC9CEB8-8B4A-11D0-8D11-00A0C91BC942}") = "vermilion", "..\..\routines\bin\vermilion.vcxproj", "{7F33970C-F4AE-3A8C-AA28-4DE97FFA17B5}"
EndProject
Project("{8BC9CEB8-8B4A-11D0-8D11-00A0C91BC942}") = "03_uniform例程", "03_uniform例程\03_uniform例程.vcxproj", "{A5AD2B64-7699-4A2B-9B21-A93C1671792E}"
EndProject
Project("{8BC9CEB8-8B4A-11D0-8D11-00A0C91BC942}") = "04_buffer块测试", "04_buffer块测试\04_buffer块测试.vcxproj", "{773E4363-F9EA-459C-BF70-07CE350EB91E}"
EndProject
Project("{8BC9CEB8-8B4A-11D0-8D11-00A0C91BC942}") = "05_着色器编译", "05_着色器编译\05_着色器编译.vcxproj", "{6A128A6A-E944-4BE9-873F-602677862C49}"
EndProject
Project("{8BC9CEB8-8B4A-11D0-8D11-00A0C91BC942}") = "06_着色器子程序测试", "06_着色器子程序测试\06_着色器子程序测试.vcxproj", "{5D47861E-C84B-481F-A260-9A5F0166796B}"
EndProject
Project("{8BC9CEB8-8B4A-11D0-8D11-00A0C91BC942}") = "07_着色器子程序例程", "07_着色器子程序例程\07_着色器子程序例程.vcxproj", "{C27C7577-457D-4297-9AE9-8DB4ED026ADC}"
EndProject
Project("{8BC9CEB8-8B4A-11D0-8D11-00A0C91BC942}") = "08_独立的染色对象", "08_独立的染色对象\08_独立的染色对象.vcxproj", "{2F4EDD78-D689-4CCC-9094-F99EFFC636B6}"
EndProject
Project("{8BC9CEB8-8B4A-11D0-8D11-00A0C91BC942}") = "09_SPIR-V", "09_SPIR-V\09_SPIR-V.vcxproj", "{344C9C52-448F-4E1D-9D79-EF5C57FC330E}"
EndProject
Project("{8BC9CEB8-8B4A-11D0-8D11-00A0C91BC942}") = "10_存储二进制着色器程序", "10_存储二进制着色器程序\10_存储二进制着色器程序.vcxproj", "{359BB14E-CD4E-4171-BF20-C1DC25FA51EC}"
EndProject
Global
	GlobalSection(SolutionConfigurationPlatforms) = preSolution
		Debug|x64 = Debug|x64
		Debug|x86 = Debug|x86
		MinSizeRel|x64 = MinSizeRel|x64
		MinSizeRel|x86 = MinSizeRel|x86
		Release|x64 = Release|x64
		Release|x86 = Release|x86
		RelWithDebInfo|x64 = RelWithDebInfo|x64
		RelWithDebInfo|x86 = RelWithDebInfo|x86
	EndGlobalSection
	GlobalSection(ProjectConfigurationPlatforms) = postSolution
		{19774ABF-DFB4-4FAF-BBFB-6C37CDF208B3}.Debug|x64.ActiveCfg = Debug|x64
		{19774ABF-DFB4-4FAF-BBFB-6C37CDF208B3}.Debug|x64.Build.0 = Debug|x64
		{19774ABF-DFB4-4FAF-BBFB-6C37CDF208B3}.Debug|x86.ActiveCfg = Debug|Win32
		{19774ABF-DFB4-4FAF-BBFB-6C37CDF208B3}.Debug|x86.Build.0 = Debug|Win32
		{19774ABF-DFB4-4FAF-BBFB-6C37CDF208B3}.MinSizeRel|x64.ActiveCfg = Release|x64
		{19774ABF-DFB4-4FAF-BBFB-6C37CDF208B3}.MinSizeRel|x64.Build.0 = Release|x64
		{19774ABF-DFB4-4FAF-BBFB-6C37CDF208B3}.MinSizeRel|x86.ActiveCfg = Release|Win32
		{19774ABF-DFB4-4FAF-BBFB-6C37CDF208B3}.MinSizeRel|x86.Build.0 = Release|Win32
		{19774ABF-DFB4-4FAF-BBFB-6C37CDF208B3}.Release|x64.ActiveCfg = Release|x64
		{19774ABF-DFB4-4FAF-BBFB-6C37CDF208B3}.Release|x64.Build.0 = Release|x64
		{19774ABF-DFB4-4FAF-BBFB-6C37CDF208B3}.Release|x86.ActiveCfg = Release|Win32
		{19774ABF-DFB4-4FAF-BBFB-6C37CDF208B3}.Release|x86.Build.0 = Release|Win32
		{19774ABF-DFB4-4FAF-BBFB-6C37CDF208B3}.RelWithDebInfo|x64.ActiveCfg = Release|x64
		{19774ABF-DFB4-4FAF-BBFB-6C37CDF208B3}.RelWithDebInfo|x64.Build.0 = Release|x64
		{19774ABF-DFB4-4FAF-BBFB-6C37CDF208B3}.RelWithDebInfo|x86.ActiveCfg = Release|Win32
		{19774ABF-DFB4-4FAF-BBFB-6C37CDF208B3}.RelWithDebInfo|x86.Build.0 = Release|Win32
		{3C0F9422-2078-482F-977D-D9BDFBE707C7}.Debug|x64.ActiveCfg = Debug|x64
		{3C0F9422-2078-482F-977D-D9BDFBE707C7}.Debug|x64.Build.0 = Debug|x64
		{3C0F9422-2078-482F-977D-D9BDFBE707C7}.Debug|x86.ActiveCfg = Debug|Win32
		{3C0F9422-2078-482F-977D-D9BDFBE707C7}.Debug|x86.Build.0 = Debug|Win32
		{3C0F9422-2078-482F-977D-D9BDFBE707C7}.MinSizeRel|x64.ActiveCfg = Release|x64
		{3C0F9422-2078-482F-977D-D9BDFBE707C7}.MinSizeRel|x64.Build.0 = Release|x64
		{3C0F9422-2078-482F-977D-D9BDFBE707C7}.MinSizeRel|x86.ActiveCfg = Release|Win32
		{3C0F9422-2078-482F-977D-D9BDFBE707C7}.MinSizeRel|x86.Build.0 = Release|Win32
		{3C0F9422-2078-482F-977D-D9BDFBE707C7}.Release|x64.ActiveCfg = Release|x64
		{3C0F9422-2078-482F-977D-D9BDFBE707C7}.Release|x64.Build.0 = Release|x64
		{3C0F9422-2078-482F-977D-D9BDFBE707C7}.Release|x86.ActiveCfg = Release|Win32
		{3C0F9422-2078-482F-977D-D9BDFBE707C7}.Release|x86.Build.0 = Release|Win32
		{3C0F9422-2078-482F-977D-D9BDFBE707C7}.RelWithDebInfo|x64.ActiveCfg = Release|x64
		{3C0F9422-2078-482F-977D-D9BDFBE707C7}.RelWithDebInfo|x64.Build.0 = Release|x64
		{3C0F9422-2078-482F-977D-D9BDFBE707C7}.RelWithDebInfo|x86.ActiveCfg = Release|Win32
		{3C0F9422-2078-482F-977D-D9BDFBE707C7}.RelWithDebInfo|x86.Build.0 = Release|Win32
		{7F33970C-F4AE-3A8C-AA28-4DE97FFA17B5}.Debug|x64.ActiveCfg = Debug|x64
		{7F33970C-F4AE-3A8C-AA28-4DE97FFA17B5}.Debug|x64.Build.0 = Debug|x64
		{7F33970C-F4AE-3A8C-AA28-4DE97FFA17B5}.Debug|x86.ActiveCfg = Debug|x64
		{7F33970C-F4AE-3A8C-AA28-4DE97FFA17B5}.MinSizeRel|x64.ActiveCfg = MinSizeRel|x64
		{7F33970C-F4AE-3A8C-AA28-4DE97FFA17B5}.MinSizeRel|x64.Build.0 = MinSizeRel|x64
		{7F33970C-F4AE-3A8C-AA28-4DE97FFA17B5}.MinSizeRel|x86.ActiveCfg = MinSizeRel|x64
		{7F33970C-F4AE-3A8C-AA28-4DE97FFA17B5}.Release|x64.ActiveCfg = Release|x64
		{7F33970C-F4AE-3A8C-AA28-4DE97FFA17B5}.Release|x64.Build.0 = Release|x64
		{7F33970C-F4AE-3A8C-AA28-4DE97FFA17B5}.Release|x86.ActiveCfg = Release|x64
		{7F33970C-F4AE-3A8C-AA28-4DE97FFA17B5}.RelWithDebInfo|x64.ActiveCfg = RelWithDebInfo|x64
		{7F33970C-F4AE-3A8C-AA28-4DE97FFA17B5}.RelWithDebInfo|x64.Build.0 = RelWithDebInfo|x64
		{7F33970C-F4AE-3A8C-AA28-4DE97FFA17B5}.RelWithDebInfo|x86.ActiveCfg = RelWithDebInfo|x64
		{A5AD2B64-7699-4A2B-9B21-A93C1671792E}.Debug|x64.ActiveCfg = Debug|x64
		{A5AD2B64-7699-4A2B-9B21-A93C1671792E}.Debug|x64.Build.0 = Debug|x64
		{A5AD2B64-7699-4A2B-9B21-A93C1671792E}.Debug|x86.ActiveCfg = Debug|Win32
		{A5AD2B64-7699-4A2B-9B21-A93C1671792E}.Debug|x86.Build.0 = Debug|Win32
		{A5AD2B64-7699-4A2B-9B21-A93C1671792E}.MinSizeRel|x64.ActiveCfg = Release|x64
		{A5AD2B64-7699-4A2B-9B21-A93C1671792E}.MinSizeRel|x64.Build.0 = Release|x64
		{A5AD2B64-7699-4A2B-9B21-A93C1671792E}.MinSizeRel|x86.ActiveCfg = Release|Win32
		{A5AD2B64-7699-4A2B-9B21-A93C1671792E}.MinSizeRel|x86.Build.0 = Release|Win32
		{A5AD2B64-7699-4A2B-9B21-A93C1671792E}.Release|x64.ActiveCfg = Release|x64
		{A5AD2B64-7699-4A2B-9B21-A93C1671792E}.Release|x64.Build.0 = Release|x64
		{A5AD2B64-7699-4A2B-9B21-A93C1671792E}.Release|x86.ActiveCfg = Release|Win32
		{A5AD2B64-7699-4A2B-9B21-A93C1671792E}.Release|x86.Build.0 = Release|Win32
		{A5AD2B64-7699-4A2B-9B21-A93C1671792E}.RelWithDebInfo|x64.ActiveCfg = Release|x64
		{A5AD2B64-7699-4A2B-9B21-A93C1671792E}.RelWithDebInfo|x64.Build.0 = Release|x64
		{A5AD2B64-7699-4A2B-9B21-A93C1671792E}.RelWithDebInfo|x86.ActiveCfg = Release|Win32
		{A5AD2B64-7699-4A2B-9B21-A93C1671792E}.RelWithDebInfo|x86.Build.0 = Release|Win32
		{773E4363-F9EA-459C-BF70-07CE350EB91E}.Debug|x64.ActiveCfg = Debug|x64
		{773E4363-F9EA-459C-BF70-07CE350EB91E}.Debug|x64.Build.0 = Debug|x64
		{773E4363-F9EA-459C-BF70-07CE350EB91E}.Debug|x86.ActiveCfg = Debug|Win32
		{773E4363-F9EA-459C-BF70-07CE350EB91E}.Debug|x86.Build.0 = Debug|Win32
		{773E4363-F9EA-459C-BF70-07CE350EB91E}.MinSizeRel|x64.ActiveCfg = Release|x64
		{773E4363-F9EA-459C-BF70-07CE350EB91E}.MinSizeRel|x64.Build.0 = Release|x64
		{773E4363-F9EA-459C-BF70-07CE350EB91E}.MinSizeRel|x86.ActiveCfg = Release|Win32
		{773E4363-F9EA-459C-BF70-07CE350EB91E}.MinSizeRel|x86.Build.0 = Release|Win32
		{773E4363-F9EA-459C-BF70-07CE350EB91E}.Release|x64.ActiveCfg = Release|x64
		{773E4363-F9EA-459C-BF70-07CE350EB91E}.Release|x64.Build.0 = Release|x64
		{773E4363-F9EA-459C-BF70-07CE350EB91E}.Release|x86.ActiveCfg = Release|Win32
		{773E4363-F9EA-459C-BF70-07CE350EB91E}.Release|x86.Build.0 = Release|Win32
		{773E4363-F9EA-459C-BF70-07CE350EB91E}.RelWithDebInfo|x64.ActiveCfg = Release|x64
		{773E4363-F9EA-459C-BF70-07CE350EB91E}.RelWithDebInfo|x64.Build.0 = Release|x64
		{773E4363-F9EA-459C-BF70-07CE350EB91E}.RelWithDebInfo|x86.ActiveCfg = Release|Win32
		{773E4363-F9EA-459C-BF70-07CE350EB91E}.RelWithDebInfo|x86.Build.0 = Release|Win32
		{6A128A6A-E944-4BE9-873F-602677862C49}.Debug|x64.ActiveCfg = Debug|x64
		{6A128A6A-E944-4BE9-873F-602677862C49}.Debug|x64.Build.0 = Debug|x64
		{6A128A6A-E944-4BE9-873F-602677862C49}.Debug|x86.ActiveCfg = Debug|Win32
		{6A128A6A-E944-4BE9-873F-602677862C49}.Debug|x86.Build.0 = Debug|Win32
		{6A128A6A-E944-4BE9-873F-602677862C49}.MinSizeRel|x64.ActiveCfg = Release|x64
		{6A128A6A-E944-4BE9-873F-602677862C49}.MinSizeRel|x64.Build.0 = Release|x64
		{6A128A6A-E944-4BE9-873F-602677862C49}.MinSizeRel|x86.ActiveCfg = Release|Win32
		{6A128A6A-E944-4BE9-873F-602677862C49}.MinSizeRel|x86.Build.0 = Release|Win32
		{6A128A6A-E944-4BE9-873F-602677862C49}.Release|x64.ActiveCfg = Release|x64
		{6A128A6A-E944-4BE9-873F-602677862C49}.Release|x64.Build.0 = Release|x64
		{6A128A6A-E944-4BE9-873F-602677862C49}.Release|x86.ActiveCfg = Release|Win32
		{6A128A6A-E944-4BE9-873F-602677862C49}.Release|x86.Build.0 = Release|Win32
		{6A128A6A-E944-4BE9-873F-602677862C49}.RelWithDebInfo|x64.ActiveCfg = Release|x64
		{6A128A6A-E944-4BE9-873F-602677862C49}.RelWithDebInfo|x64.Build.0 = Release|x64
		{6A128A6A-E944-4BE9-873F-602677862C49}.RelWithDebInfo|x86.ActiveCfg = Release|Win32
		{6A128A6A-E944-4BE9-873F-602677862C49}.RelWithDebInfo|x86.Build.0 = Release|Win32
		{5D47861E-C84B-481F-A260-9A5F0166796B}.Debug|x64.ActiveCfg = Debug|x64
		{5D47861E-C84B-481F-A260-9A5F0166796B}.Debug|x64.Build.0 = Debug|x64
		{5D47861E-C84B-481F-A260-9A5F0166796B}.Debug|x86.ActiveCfg = Debug|Win32
		{5D47861E-C84B-481F-A260-9A5F0166796B}.Debug|x86.Build.0 = Debug|Win32
		{5D47861E-C84B-481F-A260-9A5F0166796B}.MinSizeRel|x64.ActiveCfg = Release|x64
		{5D47861E-C84B-481F-A260-9A5F0166796B}.MinSizeRel|x64.Build.0 = Release|x64
		{5D47861E-C84B-481F-A260-9A5F0166796B}.MinSizeRel|x86.ActiveCfg = Release|Win32
		{5D47861E-C84B-481F-A260-9A5F0166796B}.MinSizeRel|x86.Build.0 = Release|Win32
		{5D47861E-C84B-481F-A260-9A5F0166796B}.Release|x64.ActiveCfg = Release|x64
		{5D47861E-C84B-481F-A260-9A5F0166796B}.Release|x64.Build.0 = Release|x64
		{5D47861E-C84B-481F-A260-9A5F0166796B}.Release|x86.ActiveCfg = Release|Win32
		{5D47861E-C84B-481F-A260-9A5F0166796B}.Release|x86.Build.0 = Release|Win32
		{5D47861E-C84B-481F-A260-9A5F0166796B}.RelWithDebInfo|x64.ActiveCfg = Release|x64
		{5D47861E-C84B-481F-A260-9A5F0166796B}.RelWithDebInfo|x64.Build.0 = Release|x64
		{5D47861E-C84B-481F-A260-9A5F0166796B}.RelWithDebInfo|x86.ActiveCfg = Release|Win32
		{5D47861E-C84B-481F-A260-9A5F0166796B}.RelWithDebInfo|x86.Build.0 = Release|Win32
		{C27C7577-457D-4297-9AE9-8DB4ED026ADC}.Debug|x64.ActiveCfg = Debug|x64
		{C27C7577-457D-4297-9AE9-8DB4ED026ADC}.Debug|x64.Build.0 = Debug|x64
		{C27C7577-457D-4297-9AE9-8DB4ED026ADC}.Debug|x86.ActiveCfg = Debug|Win32
		{C27C7577-457D-4297-9AE9-8DB4ED026ADC}.Debug|x86.Build.0 = Debug|Win32
		{C27C7577-457D-4297-9AE9-8DB4ED026ADC}.MinSizeRel|x64.ActiveCfg = Release|x64
		{C27C7577-457D-4297-9AE9-8DB4ED026ADC}.MinSizeRel|x64.Build.0 = Release|x64
		{C27C7577-457D-4297-9AE9-8DB4ED026ADC}.MinSizeRel|x86.ActiveCfg = Release|Win32
		{C27C7577-457D-4297-9AE9-8DB4ED026ADC}.MinSizeRel|x86.Build.0 = Release|Win32
		{C27C7577-457D-4297-9AE9-8DB4ED026ADC}.Release|x64.ActiveCfg = Release|x64
		{C27C7577-457D-4297-9AE9-8DB4ED026ADC}.Release|x64.Build.0 = Release|x64
		{C27C7577-457D-4297-9AE9-8DB4ED026ADC}.Release|x86.ActiveCfg = Release|Win32
		{C27C7577-457D-4297-9AE9-8DB4ED026ADC}.Release|x86.Build.0 = Release|Win32
		{C27C7577-457D-4297-9AE9-8DB4ED026ADC}.RelWithDebInfo|x64.ActiveCfg = Release|x64
		{C27C7577-457D-4297-9AE9-8DB4ED026ADC}.RelWithDebInfo|x64.Build.0 = Release|x64
		{C27C7577-457D-4297-9AE9-8DB4ED026ADC}.RelWithDebInfo|x86.ActiveCfg = Release|Win32
		{C27C7577-457D-4297-9AE9-8DB4ED026ADC}.RelWithDebInfo|x86.Build.0 = Release|Win32
		{2F4EDD78-D689-4CCC-9094-F99EFFC636B6}.Debug|x64.ActiveCfg = Debug|x64
		{2F4EDD78-D689-4CCC-9094-F99EFFC636B6}.Debug|x64.Build.0 = Debug|x64
		{2F4EDD78-D689-4CCC-9094-F99EFFC636B6}.Debug|x86.ActiveCfg = Debug|Win32
		{2F4EDD78-D689-4CCC-9094-F99EFFC636B6}.Debug|x86.Build.0 = Debug|Win32
		{2F4EDD78-D689-4CCC-9094-F99EFFC636B6}.MinSizeRel|x64.ActiveCfg = Release|x64
		{2F4EDD78-D689-4CCC-9094-F99EFFC636B6}.MinSizeRel|x64.Build.0 = Release|x64
		{2F4EDD78-D689-4CCC-9094-F99EFFC636B6}.MinSizeRel|x86.ActiveCfg = Release|Win32
		{2F4EDD78-D689-4CCC-9094-F99EFFC636B6}.MinSizeRel|x86.Build.0 = Release|Win32
		{2F4EDD78-D689-4CCC-9094-F99EFFC636B6}.Release|x64.ActiveCfg = Release|x64
		{2F4EDD78-D689-4CCC-9094-F99EFFC636B6}.Release|x64.Build.0 = Release|x64
		{2F4EDD78-D689-4CCC-9094-F99EFFC636B6}.Release|x86.ActiveCfg = Release|Win32
		{2F4EDD78-D689-4CCC-9094-F99EFFC636B6}.Release|x86.Build.0 = Release|Win32
		{2F4EDD78-D689-4CCC-9094-F99EFFC636B6}.RelWithDebInfo|x64.ActiveCfg = Release|x64
		{2F4EDD78-D689-4CCC-9094-F99EFFC636B6}.RelWithDebInfo|x64.Build.0 = Release|x64
		{2F4EDD78-D689-4CCC-9094-F99EFFC636B6}.RelWithDebInfo|x86.ActiveCfg = Release|Win32
		{2F4EDD78-D689-4CCC-9094-F99EFFC636B6}.RelWithDebInfo|x86.Build.0 = Release|Win32
		{344C9C52-448F-4E1D-9D79-EF5C57FC330E}.Debug|x64.ActiveCfg = Debug|x64
		{344C9C52-448F-4E1D-9D79-EF5C57FC330E}.Debug|x64.Build.0 = Debug|x64
		{344C9C52-448F-4E1D-9D79-EF5C57FC330E}.Debug|x86.ActiveCfg = Debug|Win32
		{344C9C52-448F-4E1D-9D79-EF5C57FC330E}.Debug|x86.Build.0 = Debug|Win32
		{344C9C52-448F-4E1D-9D79-EF5C57FC330E}.MinSizeRel|x64.ActiveCfg = Release|x64
		{344C9C52-448F-4E1D-9D79-EF5C57FC330E}.MinSizeRel|x64.Build.0 = Release|x64
		{344C9C52-448F-4E1D-9D79-EF5C57FC330E}.MinSizeRel|x86.ActiveCfg = Release|Win32
		{344C9C52-448F-4E1D-9D79-EF5C57FC330E}.MinSizeRel|x86.Build.0 = Release|Win32
		{344C9C52-448F-4E1D-9D79-EF5C57FC330E}.Release|x64.ActiveCfg = Release|x64
		{344C9C52-448F-4E1D-9D79-EF5C57FC330E}.Release|x64.Build.0 = Release|x64
		{344C9C52-448F-4E1D-9D79-EF5C57FC330E}.Release|x86.ActiveCfg = Release|Win32
		{344C9C52-448F-4E1D-9D79-EF5C57FC330E}.Release|x86.Build.0 = Release|Win32
		{344C9C52-448F-4E1D-9D79-EF5C57FC330E}.RelWithDebInfo|x64.ActiveCfg = Release|x64
		{344C9C52-448F-4E1D-9D79-EF5C57FC330E}.RelWithDebInfo|x64.Build.0 = Release|x64
		{344C9C52-448F-4E1D-9D79-EF5C57FC330E}.RelWithDebInfo|x86.ActiveCfg = Release|Win32
		{344C9C52-448F-4E1D-9D79-EF5C57FC330E}.RelWithDebInfo|x86.Build.0 = Release|Win32
		{359BB14E-CD4E-4171-BF20-C1DC25FA51EC}.Debug|x64.ActiveCfg = Debug|x64
		{359BB14E-CD4E-4171-BF20-C1DC25FA51EC}.Debug|x64.Build.0 = Debug|x64
		{359BB14E-CD4E-4171-BF20-C1DC25FA51EC}.Debug|x86.ActiveCfg = Debug|Win32
		{359BB14E-CD4E-4171-BF20-C1DC25FA51EC}.Debug|x86.Build.0 = Debug|Win32
		{359BB14E-CD4E-4171-BF20-C1DC25FA51EC}.MinSizeRel|x64.ActiveCfg = Release|x64
		{359BB14E-CD4E-4171-BF20-C1DC25FA51EC}.MinSizeRel|x64.Build.0 = Release|x64
		{359BB14E-CD4E-4171-BF20-C1DC25FA51EC}.MinSizeRel|x86.ActiveCfg = Release|Win32
		{359BB14E-CD4E-4171-BF20-C1DC25FA51EC}.MinSizeRel|x86.Build.0 = Release|Win32
		{359BB14E-CD4E-4171-BF20-C1DC25FA51EC}.Release|x64.ActiveCfg = Release|x64
		{359BB14E-CD4E-4171-BF20-C1DC25FA51EC}.Release|x64.Build.0 = Release|x64
		{359BB14E-CD4E-4171-BF20-C1DC25FA51EC}.Release|x86.ActiveCfg = Release|Win32
		{359BB14E-CD4E-4171-BF20-C1DC25FA51EC}.Release|x86.Build.0 = Release|Win32
		{359BB14E-CD4E-4171-BF20-C1DC25FA51EC}.RelWithDebInfo|x64.ActiveCfg = Release|x64
		{359BB14E-CD4E-4171-BF20-C1DC25FA51EC}.RelWithDebInfo|x64.Build.0 = Release|x64
		{359BB14E-CD4E-4171-BF20-C1DC25FA51EC}.RelWithDebInfo|x86.ActiveCfg = Release|Win32
		{359BB14E-CD4E-4171-BF20-C1DC25FA51EC}.RelWithDebInfo|x86.Build.0 = Release|Win32
	EndGlobalSection
	GlobalSection(SolutionProperties) = preSolution
		HideSolutionNode = FALSE
	EndGlobalSection
	GlobalSection(ExtensibilityGlobals) = postSolution
		SolutionGuid = {EB576BCF-62F1-4DEE-8EFD-D17D86061CF9}
	EndGlobalSection
EndGlobal
