
Microsoft Visual Studio Solution File, Format Version 12.00
# Visual Studio Version 16
VisualStudioVersion = 16.0.29609.76
MinimumVisualStudioVersion = 10.0.40219.1
Project("{8BC9CEB8-8B4A-11D0-8D11-00A0C91BC942}") = "1-1glfw输出测试", "1-1glfw输出测试\1-1glfw输出测试.vcxproj", "{DD9BE3CF-7360-479A-91C9-326ED5AD7A21}"
EndProject
Global
	GlobalSection(SolutionConfigurationPlatforms) = preSolution
		Debug|x64 = Debug|x64
		Debug|x86 = Debug|x86
		Release|x64 = Release|x64
		Release|x86 = Release|x86
	EndGlobalSection
	GlobalSection(ProjectConfigurationPlatforms) = postSolution
		{DD9BE3CF-7360-479A-91C9-326ED5AD7A21}.Debug|x64.ActiveCfg = Debug|x64
		{DD9BE3CF-7360-479A-91C9-326ED5AD7A21}.Debug|x64.Build.0 = Debug|x64
		{DD9BE3CF-7360-479A-91C9-326ED5AD7A21}.Debug|x86.ActiveCfg = Debug|Win32
		{DD9BE3CF-7360-479A-91C9-326ED5AD7A21}.Debug|x86.Build.0 = Debug|Win32
		{DD9BE3CF-7360-479A-91C9-326ED5AD7A21}.Release|x64.ActiveCfg = Release|x64
		{DD9BE3CF-7360-479A-91C9-326ED5AD7A21}.Release|x64.Build.0 = Release|x64
		{DD9BE3CF-7360-479A-91C9-326ED5AD7A21}.Release|x86.ActiveCfg = Release|Win32
		{DD9BE3CF-7360-479A-91C9-326ED5AD7A21}.Release|x86.Build.0 = Release|Win32
	EndGlobalSection
	GlobalSection(SolutionProperties) = preSolution
		HideSolutionNode = FALSE
	EndGlobalSection
	GlobalSection(ExtensibilityGlobals) = postSolution
		SolutionGuid = {B5B547E4-0339-4A34-B814-20B93DA45C2C}
	EndGlobalSection
EndGlobal
